
Microsoft Visual Studio Solution File, Format Version 12.00
# Visual Studio Version 17
VisualStudioVersion = 17.8.34408.163
MinimumVisualStudioVersion = 10.0.40219.1
Project("{FAE04EC0-301F-11D3-BF4B-00C04F79EFBC}") = "ECommerce.API", "ECommerce.API\ECommerce.API.csproj", "{3CB3EEBE-ABCC-4B85-B5FC-ACCBC6F9F288}"
EndProject
Global
	GlobalSection(SolutionConfigurationPlatforms) = preSolution
		Debug|Any CPU = Debug|Any CPU
		Release|Any CPU = Release|Any CPU
	EndGlobalSection
	GlobalSection(ProjectConfigurationPlatforms) = postSolution
		{3CB3EEBE-ABCC-4B85-B5FC-ACCBC6F9F288}.Debug|Any CPU.ActiveCfg = Debug|Any CPU
		{3CB3EEBE-ABCC-4B85-B5FC-ACCBC6F9F288}.Debug|Any CPU.Build.0 = Debug|Any CPU
		{3CB3EEBE-ABCC-4B85-B5FC-ACCBC6F9F288}.Release|Any CPU.ActiveCfg = Release|Any CPU
		{3CB3EEBE-ABCC-4B85-B5FC-ACCBC6F9F288}.Release|Any CPU.Build.0 = Release|Any CPU
	EndGlobalSection
	GlobalSection(SolutionProperties) = preSolution
		HideSolutionNode = FALSE
	EndGlobalSection
	GlobalSection(ExtensibilityGlobals) = postSolution
		SolutionGuid = {CBC2A000-EAE2-4E94-A02B-382D71268A6F}
	EndGlobalSection
EndGlobal
